
Microsoft Visual Studio Solution File, Format Version 12.00
# Visual Studio 15
VisualStudioVersion = 15.0.28010.2048
MinimumVisualStudioVersion = 10.0.40219.1
Project("{FAE04EC0-301F-11D3-BF4B-00C04F79EFBC}") = "myzip", "myzip.csproj", "{42B45083-E5BD-48F3-BA90-2C11C7D3D2DD}"
EndProject
Global
	GlobalSection(SolutionConfigurationPlatforms) = preSolution
		Debug|Any CPU = Debug|Any CPU
		Release|Any CPU = Release|Any CPU
	EndGlobalSection
	GlobalSection(ProjectConfigurationPlatforms) = postSolution
		{42B45083-E5BD-48F3-BA90-2C11C7D3D2DD}.Debug|Any CPU.ActiveCfg = Debug|Any CPU
		{42B45083-E5BD-48F3-BA90-2C11C7D3D2DD}.Debug|Any CPU.Build.0 = Debug|Any CPU
		{42B45083-E5BD-48F3-BA90-2C11C7D3D2DD}.Release|Any CPU.ActiveCfg = Release|Any CPU
		{42B45083-E5BD-48F3-BA90-2C11C7D3D2DD}.Release|Any CPU.Build.0 = Release|Any CPU
	EndGlobalSection
	GlobalSection(SolutionProperties) = preSolution
		HideSolutionNode = FALSE
	EndGlobalSection
	GlobalSection(ExtensibilityGlobals) = postSolution
		SolutionGuid = {DC8F862E-4BE0-4306-B019-B74C29CC724C}
	EndGlobalSection
EndGlobal
